{
  "name": "JS2_0",
  "lockfileVersion": 2,
  "requires": true,
  "packages": {
    "": {
      "dependencies": {
        "microlight": "^0.0.7"
      }
    },
    "node_modules/microlight": {
      "version": "0.0.7",
      "resolved": "https://registry.npmjs.org/microlight/-/microlight-0.0.7.tgz",
      "integrity": "sha1-89frRgrMETF7syOIspkw1UukeJA=",
      "engines": {
        "node": "*"
      }
    }
  },
  "dependencies": {
    "microlight": {
      "version": "0.0.7",
      "resolved": "https://registry.npmjs.org/microlight/-/microlight-0.0.7.tgz",
      "integrity": "sha1-89frRgrMETF7syOIspkw1UukeJA="
    }
  }
}
